
Microsoft Visual Studio Solution File, Format Version 12.00
# Visual Studio Version 16
VisualStudioVersion = 16.0.29519.181
MinimumVisualStudioVersion = 10.0.40219.1
Project("{FAE04EC0-301F-11D3-BF4B-00C04F79EFBC}") = "RoomDemo", "RoomDemo.csproj", "{6B0FC442-FC65-4BD6-871A-C640C9B5B142}"
EndProject
Global
	GlobalSection(SolutionConfigurationPlatforms) = preSolution
		Debug|Any CPU = Debug|Any CPU
		Release|Any CPU = Release|Any CPU
	EndGlobalSection
	GlobalSection(ProjectConfigurationPlatforms) = postSolution
		{6B0FC442-FC65-4BD6-871A-C640C9B5B142}.Debug|Any CPU.ActiveCfg = Debug|Any CPU
		{6B0FC442-FC65-4BD6-871A-C640C9B5B142}.Debug|Any CPU.Build.0 = Debug|Any CPU
		{6B0FC442-FC65-4BD6-871A-C640C9B5B142}.Release|Any CPU.ActiveCfg = Release|Any CPU
		{6B0FC442-FC65-4BD6-871A-C640C9B5B142}.Release|Any CPU.Build.0 = Release|Any CPU
	EndGlobalSection
	GlobalSection(SolutionProperties) = preSolution
		HideSolutionNode = FALSE
	EndGlobalSection
	GlobalSection(ExtensibilityGlobals) = postSolution
		SolutionGuid = {D001FBBA-657B-4DD6-BC10-ECEB8B7D5B22}
	EndGlobalSection
EndGlobal
